
Microsoft Visual Studio Solution File, Format Version 12.00
# Visual Studio Version 16
VisualStudioVersion = 16.0.31424.327
MinimumVisualStudioVersion = 10.0.40219.1
Project("{FAE04EC0-301F-11D3-BF4B-00C04F79EFBC}") = "ReadWriteTextFile", "ReadWriteTextFile.csproj", "{5F7EF6C8-D3C1-4802-96B7-CFA495B5BEF3}"
EndProject
Global
	GlobalSection(SolutionConfigurationPlatforms) = preSolution
		Debug|Any CPU = Debug|Any CPU
		Release|Any CPU = Release|Any CPU
	EndGlobalSection
	GlobalSection(ProjectConfigurationPlatforms) = postSolution
		{5F7EF6C8-D3C1-4802-96B7-CFA495B5BEF3}.Debug|Any CPU.ActiveCfg = Debug|Any CPU
		{5F7EF6C8-D3C1-4802-96B7-CFA495B5BEF3}.Debug|Any CPU.Build.0 = Debug|Any CPU
		{5F7EF6C8-D3C1-4802-96B7-CFA495B5BEF3}.Debug|Any CPU.Deploy.0 = Debug|Any CPU
		{5F7EF6C8-D3C1-4802-96B7-CFA495B5BEF3}.Release|Any CPU.ActiveCfg = Release|Any CPU
		{5F7EF6C8-D3C1-4802-96B7-CFA495B5BEF3}.Release|Any CPU.Build.0 = Release|Any CPU
		{5F7EF6C8-D3C1-4802-96B7-CFA495B5BEF3}.Release|Any CPU.Deploy.0 = Release|Any CPU
	EndGlobalSection
	GlobalSection(SolutionProperties) = preSolution
		HideSolutionNode = FALSE
	EndGlobalSection
	GlobalSection(ExtensibilityGlobals) = postSolution
		SolutionGuid = {79BBF8CA-F1AC-4754-BE30-11C5C3456792}
	EndGlobalSection
EndGlobal
